
Microsoft Visual Studio Solution File, Format Version 12.00
# Visual Studio 14
VisualStudioVersion = 14.0.25420.1
MinimumVisualStudioVersion = 10.0.40219.1
Project("{FAE04EC0-301F-11D3-BF4B-00C04F79EFBC}") = "Week6AEmail", "Week6AEmail\Week6AEmail.csproj", "{241F40A0-AB71-4C21-9D18-7137AC6BCAD9}"
EndProject
Global
	GlobalSection(SolutionConfigurationPlatforms) = preSolution
		Debug|Any CPU = Debug|Any CPU
		Release|Any CPU = Release|Any CPU
	EndGlobalSection
	GlobalSection(ProjectConfigurationPlatforms) = postSolution
		{241F40A0-AB71-4C21-9D18-7137AC6BCAD9}.Debug|Any CPU.ActiveCfg = Debug|Any CPU
		{241F40A0-AB71-4C21-9D18-7137AC6BCAD9}.Debug|Any CPU.Build.0 = Debug|Any CPU
		{241F40A0-AB71-4C21-9D18-7137AC6BCAD9}.Release|Any CPU.ActiveCfg = Release|Any CPU
		{241F40A0-AB71-4C21-9D18-7137AC6BCAD9}.Release|Any CPU.Build.0 = Release|Any CPU
	EndGlobalSection
	GlobalSection(SolutionProperties) = preSolution
		HideSolutionNode = FALSE
	EndGlobalSection
EndGlobal
