
Microsoft Visual Studio Solution File, Format Version 12.00
# Visual Studio Version 16
VisualStudioVersion = 16.0.30204.135
MinimumVisualStudioVersion = 10.0.40219.1
Project("{FAE04EC0-301F-11D3-BF4B-00C04F79EFBC}") = "FIT5032_W04_ModelFirst", "FIT5032_W04_ModelFirst.csproj", "{AA335194-46D1-481E-804D-D3E757EDB0FB}"
EndProject
Global
	GlobalSection(SolutionConfigurationPlatforms) = preSolution
		Debug|Any CPU = Debug|Any CPU
		Release|Any CPU = Release|Any CPU
	EndGlobalSection
	GlobalSection(ProjectConfigurationPlatforms) = postSolution
		{AA335194-46D1-481E-804D-D3E757EDB0FB}.Debug|Any CPU.ActiveCfg = Debug|Any CPU
		{AA335194-46D1-481E-804D-D3E757EDB0FB}.Debug|Any CPU.Build.0 = Debug|Any CPU
		{AA335194-46D1-481E-804D-D3E757EDB0FB}.Release|Any CPU.ActiveCfg = Release|Any CPU
		{AA335194-46D1-481E-804D-D3E757EDB0FB}.Release|Any CPU.Build.0 = Release|Any CPU
	EndGlobalSection
	GlobalSection(SolutionProperties) = preSolution
		HideSolutionNode = FALSE
	EndGlobalSection
	GlobalSection(ExtensibilityGlobals) = postSolution
		SolutionGuid = {1A9B0FF7-4746-48F4-8591-6E09C7902CB6}
	EndGlobalSection
EndGlobal
