
Microsoft Visual Studio Solution File, Format Version 12.00
# Visual Studio Version 16
VisualStudioVersion = 16.0.30330.147
MinimumVisualStudioVersion = 10.0.40219.1
Project("{FAE04EC0-301F-11D3-BF4B-00C04F79EFBC}") = "FIT5032_Week08C", "FIT5032_Week08C\FIT5032_Week08C.csproj", "{2064833B-804D-4688-940E-6F0BFBC8797A}"
EndProject
Global
	GlobalSection(SolutionConfigurationPlatforms) = preSolution
		Debug|Any CPU = Debug|Any CPU
		Release|Any CPU = Release|Any CPU
	EndGlobalSection
	GlobalSection(ProjectConfigurationPlatforms) = postSolution
		{2064833B-804D-4688-940E-6F0BFBC8797A}.Debug|Any CPU.ActiveCfg = Debug|Any CPU
		{2064833B-804D-4688-940E-6F0BFBC8797A}.Debug|Any CPU.Build.0 = Debug|Any CPU
		{2064833B-804D-4688-940E-6F0BFBC8797A}.Release|Any CPU.ActiveCfg = Release|Any CPU
		{2064833B-804D-4688-940E-6F0BFBC8797A}.Release|Any CPU.Build.0 = Release|Any CPU
	EndGlobalSection
	GlobalSection(SolutionProperties) = preSolution
		HideSolutionNode = FALSE
	EndGlobalSection
	GlobalSection(ExtensibilityGlobals) = postSolution
		SolutionGuid = {0089059A-0323-4A61-BB9A-959056A0F7E7}
	EndGlobalSection
EndGlobal
